
Microsoft Visual Studio Solution File, Format Version 12.00
Project("{FAE04EC0-301F-11D3-BF4B-00C04F79EFBC}") = "PlayniteVndbExtension", "PlayniteVndbExtension\PlayniteVndbExtension.csproj", "{D2A1B487-4948-46B2-8283-977B9F7F5845}"
EndProject
Global
	GlobalSection(SolutionConfigurationPlatforms) = preSolution
		Debug|Any CPU = Debug|Any CPU
		Release|Any CPU = Release|Any CPU
	EndGlobalSection
	GlobalSection(ProjectConfigurationPlatforms) = postSolution
		{D2A1B487-4948-46B2-8283-977B9F7F5845}.Debug|Any CPU.ActiveCfg = Debug|Any CPU
		{D2A1B487-4948-46B2-8283-977B9F7F5845}.Debug|Any CPU.Build.0 = Debug|Any CPU
		{D2A1B487-4948-46B2-8283-977B9F7F5845}.Release|Any CPU.ActiveCfg = Release|Any CPU
		{D2A1B487-4948-46B2-8283-977B9F7F5845}.Release|Any CPU.Build.0 = Release|Any CPU
	EndGlobalSection
EndGlobal
